{
  "name": "rocket.site",
  "version": "1.0.0",
  "lockfileVersion": 1,
  "dependencies": {
    "rocket-sass": {
      "version": "4.0.0-beta9",
      "resolved": "https://registry.npmjs.org/rocket-sass/-/rocket-sass-4.0.0-beta9.tgz",
      "integrity": "sha512-tBTzeyTvFf8UKt6Ng61FbAu0jWEId3j5ZbGt/h3gLmEhRtl/Puf20Jh0CCRUSRrVVKfbj6InGdzUeHof8QempA==",
      "dev": true
    }
  }
}
